
Microsoft Visual Studio Solution File, Format Version 12.00
# Visual Studio Version 17
VisualStudioVersion = 17.1.32228.430
MinimumVisualStudioVersion = 10.0.40219.1
Project("{FAE04EC0-301F-11D3-BF4B-00C04F79EFBC}") = "Nvm_GUI", "Nvm_GUI\Nvm_GUI.csproj", "{DB471278-AA38-48F0-B38C-147AEFC0379D}"
EndProject
Global
	GlobalSection(SolutionConfigurationPlatforms) = preSolution
		Debug|Any CPU = Debug|Any CPU
		Release|Any CPU = Release|Any CPU
	EndGlobalSection
	GlobalSection(ProjectConfigurationPlatforms) = postSolution
		{DB471278-AA38-48F0-B38C-147AEFC0379D}.Debug|Any CPU.ActiveCfg = Debug|Any CPU
		{DB471278-AA38-48F0-B38C-147AEFC0379D}.Debug|Any CPU.Build.0 = Debug|Any CPU
		{DB471278-AA38-48F0-B38C-147AEFC0379D}.Release|Any CPU.ActiveCfg = Release|Any CPU
		{DB471278-AA38-48F0-B38C-147AEFC0379D}.Release|Any CPU.Build.0 = Release|Any CPU
	EndGlobalSection
	GlobalSection(SolutionProperties) = preSolution
		HideSolutionNode = FALSE
	EndGlobalSection
	GlobalSection(ExtensibilityGlobals) = postSolution
		SolutionGuid = {1E9707BE-B501-4359-9D0D-3B95B40BCA84}
	EndGlobalSection
EndGlobal
